
Microsoft Visual Studio Solution File, Format Version 12.00
# Visual Studio Version 17
VisualStudioVersion = 17.3.32929.385
MinimumVisualStudioVersion = 10.0.40219.1
Project("{2150E333-8FDC-42A3-9474-1A3956D46DE8}") = "resources", "resources", "{7CFCB0B4-E42E-4CB0-9BD5-682044C7266C}"
	ProjectSection(SolutionItems) = preProject
		resources\task.png = resources\task.png
	EndProjectSection
EndProject
Project("{2150E333-8FDC-42A3-9474-1A3956D46DE8}") = "Solution Items", "Solution Items", "{9E92B2E2-2E12-4440-8A2D-AA3E7F81B837}"
	ProjectSection(SolutionItems) = preProject
		resources\task.png = resources\task.png
		tasks.txt = tasks.txt
	EndProjectSection
EndProject
Project("{FAE04EC0-301F-11D3-BF4B-00C04F79EFBC}") = "ProductionsGameLauncher", "ProductionsGameLauncher\ProductionsGameLauncher.csproj", "{85B2AF95-10BA-4AED-955F-918BACA9D7BA}"
EndProject
Project("{FAE04EC0-301F-11D3-BF4B-00C04F79EFBC}") = "ProductionsGameCore", "ProductionsGameCore\ProductionsGameCore.csproj", "{19963D8C-0F2C-469F-B8A7-514D28C574D8}"
EndProject
Project("{FAE04EC0-301F-11D3-BF4B-00C04F79EFBC}") = "GUIStrrategy", "GUIStrrategy\GUIStrrategy.csproj", "{4152B41B-295A-4891-8267-1C365FCBA2BF}"
EndProject
Project("{FAE04EC0-301F-11D3-BF4B-00C04F79EFBC}") = "RandomStrategy", "RandomStrategy\RandomStrategy.csproj", "{EFCB29B7-4F33-42F7-AB51-CD9AA7903BAF}"
EndProject
Project("{FAE04EC0-301F-11D3-BF4B-00C04F79EFBC}") = "SearchStrategy", "OneMoveStrategy\SearchStrategy.csproj", "{5737C059-C757-4AA2-85F7-02DE77F6C5EE}"
EndProject
Project("{FAE04EC0-301F-11D3-BF4B-00C04F79EFBC}") = "StrategyUtilities", "StrategyUtilities\StrategyUtilities.csproj", "{5ABF5ED6-4613-4D1C-8E70-B2269100B6B7}"
EndProject
Project("{FAE04EC0-301F-11D3-BF4B-00C04F79EFBC}") = "ShortWordsStrategy", "ShortWordsStrategy\ShortWordsStrategy.csproj", "{A65FC203-81BA-4796-968F-FF10DB0C26F5}"
EndProject
Project("{FAE04EC0-301F-11D3-BF4B-00C04F79EFBC}") = "StupidShortWordsStrategy", "StupidShortWordsStrategy\StupidShortWordsStrategy.csproj", "{7FCB58F8-BB5F-43EA-80AA-98DD7247FA59}"
EndProject
Project("{FAE04EC0-301F-11D3-BF4B-00C04F79EFBC}") = "ProductionsGame", "ProductionsGame\ProductionsGame.csproj", "{D6278432-0D8E-4EB8-BB0F-C0329F7490FE}"
EndProject
Project("{FAE04EC0-301F-11D3-BF4B-00C04F79EFBC}") = "Strategies", "Strategies\Strategies.csproj", "{9E7640A9-E733-4ED5-9AE7-54196C81254D}"
EndProject
Global
	GlobalSection(SolutionConfigurationPlatforms) = preSolution
		Debug|Any CPU = Debug|Any CPU
		Release|Any CPU = Release|Any CPU
	EndGlobalSection
	GlobalSection(ProjectConfigurationPlatforms) = postSolution
		{85B2AF95-10BA-4AED-955F-918BACA9D7BA}.Debug|Any CPU.ActiveCfg = Debug|Any CPU
		{85B2AF95-10BA-4AED-955F-918BACA9D7BA}.Debug|Any CPU.Build.0 = Debug|Any CPU
		{85B2AF95-10BA-4AED-955F-918BACA9D7BA}.Release|Any CPU.ActiveCfg = Release|Any CPU
		{85B2AF95-10BA-4AED-955F-918BACA9D7BA}.Release|Any CPU.Build.0 = Release|Any CPU
		{19963D8C-0F2C-469F-B8A7-514D28C574D8}.Debug|Any CPU.ActiveCfg = Debug|Any CPU
		{19963D8C-0F2C-469F-B8A7-514D28C574D8}.Debug|Any CPU.Build.0 = Debug|Any CPU
		{19963D8C-0F2C-469F-B8A7-514D28C574D8}.Release|Any CPU.ActiveCfg = Release|Any CPU
		{19963D8C-0F2C-469F-B8A7-514D28C574D8}.Release|Any CPU.Build.0 = Release|Any CPU
		{4152B41B-295A-4891-8267-1C365FCBA2BF}.Debug|Any CPU.ActiveCfg = Debug|Any CPU
		{4152B41B-295A-4891-8267-1C365FCBA2BF}.Debug|Any CPU.Build.0 = Debug|Any CPU
		{4152B41B-295A-4891-8267-1C365FCBA2BF}.Release|Any CPU.ActiveCfg = Release|Any CPU
		{4152B41B-295A-4891-8267-1C365FCBA2BF}.Release|Any CPU.Build.0 = Release|Any CPU
		{EFCB29B7-4F33-42F7-AB51-CD9AA7903BAF}.Debug|Any CPU.ActiveCfg = Debug|Any CPU
		{EFCB29B7-4F33-42F7-AB51-CD9AA7903BAF}.Debug|Any CPU.Build.0 = Debug|Any CPU
		{EFCB29B7-4F33-42F7-AB51-CD9AA7903BAF}.Release|Any CPU.ActiveCfg = Release|Any CPU
		{EFCB29B7-4F33-42F7-AB51-CD9AA7903BAF}.Release|Any CPU.Build.0 = Release|Any CPU
		{5737C059-C757-4AA2-85F7-02DE77F6C5EE}.Debug|Any CPU.ActiveCfg = Debug|Any CPU
		{5737C059-C757-4AA2-85F7-02DE77F6C5EE}.Debug|Any CPU.Build.0 = Debug|Any CPU
		{5737C059-C757-4AA2-85F7-02DE77F6C5EE}.Release|Any CPU.ActiveCfg = Release|Any CPU
		{5737C059-C757-4AA2-85F7-02DE77F6C5EE}.Release|Any CPU.Build.0 = Release|Any CPU
		{5ABF5ED6-4613-4D1C-8E70-B2269100B6B7}.Debug|Any CPU.ActiveCfg = Debug|Any CPU
		{5ABF5ED6-4613-4D1C-8E70-B2269100B6B7}.Debug|Any CPU.Build.0 = Debug|Any CPU
		{5ABF5ED6-4613-4D1C-8E70-B2269100B6B7}.Release|Any CPU.ActiveCfg = Release|Any CPU
		{5ABF5ED6-4613-4D1C-8E70-B2269100B6B7}.Release|Any CPU.Build.0 = Release|Any CPU
		{A65FC203-81BA-4796-968F-FF10DB0C26F5}.Debug|Any CPU.ActiveCfg = Debug|Any CPU
		{A65FC203-81BA-4796-968F-FF10DB0C26F5}.Debug|Any CPU.Build.0 = Debug|Any CPU
		{A65FC203-81BA-4796-968F-FF10DB0C26F5}.Release|Any CPU.ActiveCfg = Release|Any CPU
		{A65FC203-81BA-4796-968F-FF10DB0C26F5}.Release|Any CPU.Build.0 = Release|Any CPU
		{7FCB58F8-BB5F-43EA-80AA-98DD7247FA59}.Debug|Any CPU.ActiveCfg = Debug|Any CPU
		{7FCB58F8-BB5F-43EA-80AA-98DD7247FA59}.Debug|Any CPU.Build.0 = Debug|Any CPU
		{7FCB58F8-BB5F-43EA-80AA-98DD7247FA59}.Release|Any CPU.ActiveCfg = Release|Any CPU
		{7FCB58F8-BB5F-43EA-80AA-98DD7247FA59}.Release|Any CPU.Build.0 = Release|Any CPU
		{D6278432-0D8E-4EB8-BB0F-C0329F7490FE}.Debug|Any CPU.ActiveCfg = Debug|Any CPU
		{D6278432-0D8E-4EB8-BB0F-C0329F7490FE}.Debug|Any CPU.Build.0 = Debug|Any CPU
		{D6278432-0D8E-4EB8-BB0F-C0329F7490FE}.Release|Any CPU.ActiveCfg = Release|Any CPU
		{D6278432-0D8E-4EB8-BB0F-C0329F7490FE}.Release|Any CPU.Build.0 = Release|Any CPU
		{9E7640A9-E733-4ED5-9AE7-54196C81254D}.Debug|Any CPU.ActiveCfg = Debug|Any CPU
		{9E7640A9-E733-4ED5-9AE7-54196C81254D}.Debug|Any CPU.Build.0 = Debug|Any CPU
		{9E7640A9-E733-4ED5-9AE7-54196C81254D}.Release|Any CPU.ActiveCfg = Release|Any CPU
		{9E7640A9-E733-4ED5-9AE7-54196C81254D}.Release|Any CPU.Build.0 = Release|Any CPU
	EndGlobalSection
	GlobalSection(SolutionProperties) = preSolution
		HideSolutionNode = FALSE
	EndGlobalSection
	GlobalSection(ExtensibilityGlobals) = postSolution
		SolutionGuid = {248CF805-4C20-4042-826F-4C062B5D305C}
	EndGlobalSection
EndGlobal
